
Microsoft Visual Studio Solution File, Format Version 12.00
# Visual Studio 15
VisualStudioVersion = 15.0.28010.2046
MinimumVisualStudioVersion = 10.0.40219.1
Project("{FAE04EC0-301F-11D3-BF4B-00C04F79EFBC}") = "MoneyManager", "MoneyManager\MoneyManager.csproj", "{DEABD0A2-273F-48F1-A5A0-7AB745182235}"
EndProject
Global
	GlobalSection(SolutionConfigurationPlatforms) = preSolution
		Debug|Any CPU = Debug|Any CPU
		Release|Any CPU = Release|Any CPU
	EndGlobalSection
	GlobalSection(ProjectConfigurationPlatforms) = postSolution
		{DEABD0A2-273F-48F1-A5A0-7AB745182235}.Debug|Any CPU.ActiveCfg = Debug|Any CPU
		{DEABD0A2-273F-48F1-A5A0-7AB745182235}.Debug|Any CPU.Build.0 = Debug|Any CPU
		{DEABD0A2-273F-48F1-A5A0-7AB745182235}.Release|Any CPU.ActiveCfg = Release|Any CPU
		{DEABD0A2-273F-48F1-A5A0-7AB745182235}.Release|Any CPU.Build.0 = Release|Any CPU
	EndGlobalSection
	GlobalSection(SolutionProperties) = preSolution
		HideSolutionNode = FALSE
	EndGlobalSection
	GlobalSection(ExtensibilityGlobals) = postSolution
		SolutionGuid = {AE974E3D-73C7-4E0B-BD34-95012DFEC76B}
	EndGlobalSection
EndGlobal
